
Microsoft Visual Studio Solution File, Format Version 11.00
# Visual Studio 2010
Project("{FAE04EC0-301F-11D3-BF4B-00C04F79EFBC}") = "KidZonePortal.aspnet", "src\KidZonePortal.aspnet\KidZonePortal.aspnet.csproj", "{7FC6B29C-9A14-4C08-B5C0-E04A4AF6A5F4}"
EndProject
Project("{FAE04EC0-301F-11D3-BF4B-00C04F79EFBC}") = "KidZoneAspNetDataContractsAndProxy", "src\KidZoneAspNetDataContractsAndProxy\KidZoneAspNetDataContractsAndProxy.csproj", "{57FB763D-BABD-40B0-A29D-AAE47AF18A16}"
EndProject
Project("{FAE04EC0-301F-11D3-BF4B-00C04F79EFBC}") = "CommonLibrary", "src\CommonLibrary\CommonLibrary.csproj", "{038809F3-5C83-4185-AE08-79FE2C2F31C2}"
EndProject
Global
	GlobalSection(SolutionConfigurationPlatforms) = preSolution
		Debug|Any CPU = Debug|Any CPU
		Release|Any CPU = Release|Any CPU
	EndGlobalSection
	GlobalSection(ProjectConfigurationPlatforms) = postSolution
		{7FC6B29C-9A14-4C08-B5C0-E04A4AF6A5F4}.Debug|Any CPU.ActiveCfg = Debug|Any CPU
		{7FC6B29C-9A14-4C08-B5C0-E04A4AF6A5F4}.Debug|Any CPU.Build.0 = Debug|Any CPU
		{7FC6B29C-9A14-4C08-B5C0-E04A4AF6A5F4}.Release|Any CPU.ActiveCfg = Release|Any CPU
		{7FC6B29C-9A14-4C08-B5C0-E04A4AF6A5F4}.Release|Any CPU.Build.0 = Release|Any CPU
		{57FB763D-BABD-40B0-A29D-AAE47AF18A16}.Debug|Any CPU.ActiveCfg = Debug|Any CPU
		{57FB763D-BABD-40B0-A29D-AAE47AF18A16}.Debug|Any CPU.Build.0 = Debug|Any CPU
		{57FB763D-BABD-40B0-A29D-AAE47AF18A16}.Release|Any CPU.ActiveCfg = Release|Any CPU
		{57FB763D-BABD-40B0-A29D-AAE47AF18A16}.Release|Any CPU.Build.0 = Release|Any CPU
		{038809F3-5C83-4185-AE08-79FE2C2F31C2}.Debug|Any CPU.ActiveCfg = Debug|Any CPU
		{038809F3-5C83-4185-AE08-79FE2C2F31C2}.Debug|Any CPU.Build.0 = Debug|Any CPU
		{038809F3-5C83-4185-AE08-79FE2C2F31C2}.Release|Any CPU.ActiveCfg = Release|Any CPU
		{038809F3-5C83-4185-AE08-79FE2C2F31C2}.Release|Any CPU.Build.0 = Release|Any CPU
	EndGlobalSection
	GlobalSection(SolutionProperties) = preSolution
		HideSolutionNode = FALSE
	EndGlobalSection
EndGlobal
